{
  "name": "plant-store",
  "version": "1.0.0",
  "lockfileVersion": 3,
  "requires": true,
  "packages": {
    "": {
      "name": "plant-store",
      "version": "1.0.0",
      "license": "ISC",
      "dependencies": {
        "cookiesjs": "^3.0.3",
        "js-cookie": "^3.0.1"
      }
    },
    "node_modules/cookiesjs": {
      "version": "3.0.3",
      "resolved": "https://registry.npmjs.org/cookiesjs/-/cookiesjs-3.0.3.tgz",
      "integrity": "sha512-4JX4/PRX5KpRws2Ql6R5nCkNGpgYUvkg147XPmiJ6G/9JW91WHxWvtm2XHv3WRx2iLaML4QwOysFtDJSrH4kVw=="
    },
    "node_modules/js-cookie": {
      "version": "3.0.1",
      "resolved": "https://registry.npmjs.org/js-cookie/-/js-cookie-3.0.1.tgz",
      "integrity": "sha512-+0rgsUXZu4ncpPxRL+lNEptWMOWl9etvPHc/koSRp6MPwpRYAhmk0dUG00J4bxVV3r9uUzfo24wW0knS07SKSw==",
      "engines": {
        "node": ">=12"
      }
    }
  }
}
